
Microsoft Visual Studio Solution File, Format Version 12.00
# Visual Studio Version 17
VisualStudioVersion = 17.8.34330.188
MinimumVisualStudioVersion = 10.0.40219.1
Project("{8BC9CEB8-8B4A-11D0-8D11-00A0C91BC942}") = "PathFinder", "PathFinder\PathFinder.vcxproj", "{E992AB2A-6A8D-4D63-8ACD-75E37C4F6112}"
EndProject
Global
	GlobalSection(SolutionConfigurationPlatforms) = preSolution
		Debug|x64 = Debug|x64
		Debug|x86 = Debug|x86
		Release|x64 = Release|x64
		Release|x86 = Release|x86
	EndGlobalSection
	GlobalSection(ProjectConfigurationPlatforms) = postSolution
		{E992AB2A-6A8D-4D63-8ACD-75E37C4F6112}.Debug|x64.ActiveCfg = Debug|x64
		{E992AB2A-6A8D-4D63-8ACD-75E37C4F6112}.Debug|x64.Build.0 = Debug|x64
		{E992AB2A-6A8D-4D63-8ACD-75E37C4F6112}.Debug|x86.ActiveCfg = Debug|Win32
		{E992AB2A-6A8D-4D63-8ACD-75E37C4F6112}.Debug|x86.Build.0 = Debug|Win32
		{E992AB2A-6A8D-4D63-8ACD-75E37C4F6112}.Release|x64.ActiveCfg = Release|x64
		{E992AB2A-6A8D-4D63-8ACD-75E37C4F6112}.Release|x64.Build.0 = Release|x64
		{E992AB2A-6A8D-4D63-8ACD-75E37C4F6112}.Release|x86.ActiveCfg = Release|Win32
		{E992AB2A-6A8D-4D63-8ACD-75E37C4F6112}.Release|x86.Build.0 = Release|Win32
	EndGlobalSection
	GlobalSection(SolutionProperties) = preSolution
		HideSolutionNode = FALSE
	EndGlobalSection
	GlobalSection(ExtensibilityGlobals) = postSolution
		SolutionGuid = {077B4ACE-08FD-4C9B-B7B7-7C93353AFFA6}
	EndGlobalSection
EndGlobal
