
Microsoft Visual Studio Solution File, Format Version 12.00
# Visual Studio Version 17
VisualStudioVersion = 17.10.35013.160
MinimumVisualStudioVersion = 10.0.40219.1
Project("{8BC9CEB8-8B4A-11D0-8D11-00A0C91BC942}") = "Overlapped_IO_echo_client", "Overlapped_IO_echo_client\Overlapped_IO_echo_client.vcxproj", "{DFD73058-D5FC-4470-A25E-D0AD3F96FBD5}"
EndProject
Global
	GlobalSection(SolutionConfigurationPlatforms) = preSolution
		Debug|x64 = Debug|x64
		Debug|x86 = Debug|x86
		Release|x64 = Release|x64
		Release|x86 = Release|x86
	EndGlobalSection
	GlobalSection(ProjectConfigurationPlatforms) = postSolution
		{DFD73058-D5FC-4470-A25E-D0AD3F96FBD5}.Debug|x64.ActiveCfg = Debug|x64
		{DFD73058-D5FC-4470-A25E-D0AD3F96FBD5}.Debug|x64.Build.0 = Debug|x64
		{DFD73058-D5FC-4470-A25E-D0AD3F96FBD5}.Debug|x86.ActiveCfg = Debug|Win32
		{DFD73058-D5FC-4470-A25E-D0AD3F96FBD5}.Debug|x86.Build.0 = Debug|Win32
		{DFD73058-D5FC-4470-A25E-D0AD3F96FBD5}.Release|x64.ActiveCfg = Release|x64
		{DFD73058-D5FC-4470-A25E-D0AD3F96FBD5}.Release|x64.Build.0 = Release|x64
		{DFD73058-D5FC-4470-A25E-D0AD3F96FBD5}.Release|x86.ActiveCfg = Release|Win32
		{DFD73058-D5FC-4470-A25E-D0AD3F96FBD5}.Release|x86.Build.0 = Release|Win32
	EndGlobalSection
	GlobalSection(SolutionProperties) = preSolution
		HideSolutionNode = FALSE
	EndGlobalSection
	GlobalSection(ExtensibilityGlobals) = postSolution
		SolutionGuid = {2A2CA06A-6A39-49A1-A5EC-E7F8EB61BF4E}
	EndGlobalSection
EndGlobal
